
Microsoft Visual Studio Solution File, Format Version 12.00
# Visual Studio Version 17
VisualStudioVersion = 17.13.35931.197
MinimumVisualStudioVersion = 10.0.40219.1
Project("{FAE04EC0-301F-11D3-BF4B-00C04F79EFBC}") = "adminShop", "adminShop\adminShop.csproj", "{FCFCFC7F-7F41-4A2F-B2F5-79CC4D83683D}"
EndProject
Project("{FAE04EC0-301F-11D3-BF4B-00C04F79EFBC}") = "ShopData", "ShopData\ShopData.csproj", "{40EFFEC4-20E1-4498-8FFF-DC646830C0ED}"
EndProject
Global
	GlobalSection(SolutionConfigurationPlatforms) = preSolution
		Debug|Any CPU = Debug|Any CPU
		Release|Any CPU = Release|Any CPU
	EndGlobalSection
	GlobalSection(ProjectConfigurationPlatforms) = postSolution
		{FCFCFC7F-7F41-4A2F-B2F5-79CC4D83683D}.Debug|Any CPU.ActiveCfg = Debug|Any CPU
		{FCFCFC7F-7F41-4A2F-B2F5-79CC4D83683D}.Debug|Any CPU.Build.0 = Debug|Any CPU
		{FCFCFC7F-7F41-4A2F-B2F5-79CC4D83683D}.Release|Any CPU.ActiveCfg = Release|Any CPU
		{FCFCFC7F-7F41-4A2F-B2F5-79CC4D83683D}.Release|Any CPU.Build.0 = Release|Any CPU
		{40EFFEC4-20E1-4498-8FFF-DC646830C0ED}.Debug|Any CPU.ActiveCfg = Debug|Any CPU
		{40EFFEC4-20E1-4498-8FFF-DC646830C0ED}.Debug|Any CPU.Build.0 = Debug|Any CPU
		{40EFFEC4-20E1-4498-8FFF-DC646830C0ED}.Release|Any CPU.ActiveCfg = Release|Any CPU
		{40EFFEC4-20E1-4498-8FFF-DC646830C0ED}.Release|Any CPU.Build.0 = Release|Any CPU
	EndGlobalSection
	GlobalSection(SolutionProperties) = preSolution
		HideSolutionNode = FALSE
	EndGlobalSection
	GlobalSection(ExtensibilityGlobals) = postSolution
		SolutionGuid = {B45BA7AB-FE89-4E2F-976A-E1690FA2A15D}
	EndGlobalSection
EndGlobal
