
Microsoft Visual Studio Solution File, Format Version 12.00
# Visual Studio Version 17
VisualStudioVersion = 17.13.35931.197 d17.13
MinimumVisualStudioVersion = 10.0.40219.1
Project("{FAE04EC0-301F-11D3-BF4B-00C04F79EFBC}") = "adminShop", "adminShop\adminShop.csproj", "{89BDD306-A9DD-4C96-866D-DB106D60F3D6}"
EndProject
Global
	GlobalSection(SolutionConfigurationPlatforms) = preSolution
		Debug|Any CPU = Debug|Any CPU
		Release|Any CPU = Release|Any CPU
	EndGlobalSection
	GlobalSection(ProjectConfigurationPlatforms) = postSolution
		{89BDD306-A9DD-4C96-866D-DB106D60F3D6}.Debug|Any CPU.ActiveCfg = Debug|Any CPU
		{89BDD306-A9DD-4C96-866D-DB106D60F3D6}.Debug|Any CPU.Build.0 = Debug|Any CPU
		{89BDD306-A9DD-4C96-866D-DB106D60F3D6}.Release|Any CPU.ActiveCfg = Release|Any CPU
		{89BDD306-A9DD-4C96-866D-DB106D60F3D6}.Release|Any CPU.Build.0 = Release|Any CPU
	EndGlobalSection
	GlobalSection(SolutionProperties) = preSolution
		HideSolutionNode = FALSE
	EndGlobalSection
	GlobalSection(ExtensibilityGlobals) = postSolution
		SolutionGuid = {2733CAC6-B754-404F-9354-0210B2BD6D0A}
	EndGlobalSection
EndGlobal
